
Microsoft Visual Studio Solution File, Format Version 12.00
# Visual Studio Version 16
VisualStudioVersion = 16.0.31129.286
MinimumVisualStudioVersion = 10.0.40219.1
Project("{D954291E-2A0B-460D-934E-DC6B0785DB48}") = "ClipboardTest.Shared", "ClipboardTest\ClipboardTest.Shared\ClipboardTest.Shared.shproj", "{6279C845-92F8-4333-AB99-3D213163593C}"
EndProject
Project("{2150E333-8FDC-42A3-9474-1A3956D46DE8}") = "Platforms", "Platforms", "{7E775A14-85A2-45B5-8F43-78DEE814E8CF}"
EndProject
Project("{FAE04EC0-301F-11D3-BF4B-00C04F79EFBC}") = "ClipboardTest.Droid", "ClipboardTest\ClipboardTest.Droid\ClipboardTest.Droid.csproj", "{11AF58AC-4115-4E09-8D74-773F9363046E}"
EndProject
Project("{FAE04EC0-301F-11D3-BF4B-00C04F79EFBC}") = "ClipboardTest.iOS", "ClipboardTest\ClipboardTest.iOS\ClipboardTest.iOS.csproj", "{1E4571C2-73DD-473F-AAF6-75175FA3D774}"
EndProject
Project("{FAE04EC0-301F-11D3-BF4B-00C04F79EFBC}") = "ClipboardTest.UWP", "ClipboardTest\ClipboardTest.UWP\ClipboardTest.UWP.csproj", "{993CCD68-C154-480C-A6EF-565D48731C67}"
EndProject
Project("{FAE04EC0-301F-11D3-BF4B-00C04F79EFBC}") = "ClipboardTest.Wasm", "ClipboardTest\ClipboardTest.Wasm\ClipboardTest.Wasm.csproj", "{D8CD2BA5-06F0-46F5-AF40-D82A4B6F7DC7}"
EndProject
Project("{FAE04EC0-301F-11D3-BF4B-00C04F79EFBC}") = "ClipboardTest.macOS", "ClipboardTest\ClipboardTest.macOS\ClipboardTest.macOS.csproj", "{2ED68A57-BC55-471A-9061-F93B4E1923C5}"
EndProject
Project("{FAE04EC0-301F-11D3-BF4B-00C04F79EFBC}") = "ClipboardTest.Skia.Wpf.Host", "ClipboardTest\ClipboardTest.Skia.Wpf.Host\ClipboardTest.Skia.Wpf.Host.csproj", "{AC7278B9-F0D1-47CB-940B-0F856BF67098}"
EndProject
Project("{FAE04EC0-301F-11D3-BF4B-00C04F79EFBC}") = "ClipboardTest.Skia.Wpf", "ClipboardTest\ClipboardTest.Skia.Wpf\ClipboardTest.Skia.Wpf.csproj", "{024DA5C3-E5C3-40DE-99BC-138ABA2C73F7}"
EndProject
Project("{FAE04EC0-301F-11D3-BF4B-00C04F79EFBC}") = "ClipboardTest.Skia.Gtk", "ClipboardTest\ClipboardTest.Skia.Gtk\ClipboardTest.Skia.Gtk.csproj", "{6FB705FF-52FF-4AC2-8FDB-E5E164589901}"
EndProject
Project("{FAE04EC0-301F-11D3-BF4B-00C04F79EFBC}") = "ClipboardTest.Skia.Tizen", "ClipboardTest\ClipboardTest.Skia.Tizen\ClipboardTest.Skia.Tizen.csproj", "{4D1DAB94-188F-45EA-8AF1-97D21F642715}"
EndProject
Global
	GlobalSection(SharedMSBuildProjectFiles) = preSolution
		ClipboardTest\ClipboardTest.Shared\ClipboardTest.Shared.projitems*{024da5c3-e5c3-40de-99bc-138aba2c73f7}*SharedItemsImports = 5
		ClipboardTest\ClipboardTest.Shared\ClipboardTest.Shared.projitems*{11af58ac-4115-4e09-8d74-773f9363046e}*SharedItemsImports = 4
		ClipboardTest\ClipboardTest.Shared\ClipboardTest.Shared.projitems*{1e4571c2-73dd-473f-aaf6-75175fa3d774}*SharedItemsImports = 4
		ClipboardTest\ClipboardTest.Shared\ClipboardTest.Shared.projitems*{2ed68a57-bc55-471a-9061-f93b4e1923c5}*SharedItemsImports = 4
		ClipboardTest\ClipboardTest.Shared\ClipboardTest.Shared.projitems*{4d1dab94-188f-45ea-8af1-97d21f642715}*SharedItemsImports = 5
		ClipboardTest\ClipboardTest.Shared\ClipboardTest.Shared.projitems*{6279c845-92f8-4333-ab99-3d213163593c}*SharedItemsImports = 13
		ClipboardTest\ClipboardTest.Shared\ClipboardTest.Shared.projitems*{6fb705ff-52ff-4ac2-8fdb-e5e164589901}*SharedItemsImports = 5
		ClipboardTest\ClipboardTest.Shared\ClipboardTest.Shared.projitems*{993ccd68-c154-480c-a6ef-565d48731c67}*SharedItemsImports = 4
		ClipboardTest\ClipboardTest.Shared\ClipboardTest.Shared.projitems*{d8cd2ba5-06f0-46f5-af40-d82a4b6f7dc7}*SharedItemsImports = 5
	EndGlobalSection
	GlobalSection(SolutionConfigurationPlatforms) = preSolution
		Ad-Hoc|Any CPU = Ad-Hoc|Any CPU
		Ad-Hoc|ARM = Ad-Hoc|ARM
		Ad-Hoc|ARM64 = Ad-Hoc|ARM64
		Ad-Hoc|iPhone = Ad-Hoc|iPhone
		Ad-Hoc|iPhoneSimulator = Ad-Hoc|iPhoneSimulator
		Ad-Hoc|x64 = Ad-Hoc|x64
		Ad-Hoc|x86 = Ad-Hoc|x86
		AppStore|Any CPU = AppStore|Any CPU
		AppStore|ARM = AppStore|ARM
		AppStore|ARM64 = AppStore|ARM64
		AppStore|iPhone = AppStore|iPhone
		AppStore|iPhoneSimulator = AppStore|iPhoneSimulator
		AppStore|x64 = AppStore|x64
		AppStore|x86 = AppStore|x86
		Debug|Any CPU = Debug|Any CPU
		Debug|ARM = Debug|ARM
		Debug|ARM64 = Debug|ARM64
		Debug|iPhone = Debug|iPhone
		Debug|iPhoneSimulator = Debug|iPhoneSimulator
		Debug|x64 = Debug|x64
		Debug|x86 = Debug|x86
		Release|Any CPU = Release|Any CPU
		Release|ARM = Release|ARM
		Release|ARM64 = Release|ARM64
		Release|iPhone = Release|iPhone
		Release|iPhoneSimulator = Release|iPhoneSimulator
		Release|x64 = Release|x64
		Release|x86 = Release|x86
	EndGlobalSection
	GlobalSection(ProjectConfigurationPlatforms) = postSolution
		{11AF58AC-4115-4E09-8D74-773F9363046E}.Ad-Hoc|Any CPU.ActiveCfg = Debug|Any CPU
		{11AF58AC-4115-4E09-8D74-773F9363046E}.Ad-Hoc|Any CPU.Build.0 = Debug|Any CPU
		{11AF58AC-4115-4E09-8D74-773F9363046E}.Ad-Hoc|Any CPU.Deploy.0 = Debug|Any CPU
		{11AF58AC-4115-4E09-8D74-773F9363046E}.Ad-Hoc|ARM.ActiveCfg = Debug|Any CPU
		{11AF58AC-4115-4E09-8D74-773F9363046E}.Ad-Hoc|ARM.Build.0 = Debug|Any CPU
		{11AF58AC-4115-4E09-8D74-773F9363046E}.Ad-Hoc|ARM.Deploy.0 = Debug|Any CPU
		{11AF58AC-4115-4E09-8D74-773F9363046E}.Ad-Hoc|ARM64.ActiveCfg = Debug|Any CPU
		{11AF58AC-4115-4E09-8D74-773F9363046E}.Ad-Hoc|ARM64.Build.0 = Debug|Any CPU
		{11AF58AC-4115-4E09-8D74-773F9363046E}.Ad-Hoc|ARM64.Deploy.0 = Debug|Any CPU
		{11AF58AC-4115-4E09-8D74-773F9363046E}.Ad-Hoc|iPhone.ActiveCfg = Debug|Any CPU
		{11AF58AC-4115-4E09-8D74-773F9363046E}.Ad-Hoc|iPhone.Build.0 = Debug|Any CPU
		{11AF58AC-4115-4E09-8D74-773F9363046E}.Ad-Hoc|iPhone.Deploy.0 = Debug|Any CPU
		{11AF58AC-4115-4E09-8D74-773F9363046E}.Ad-Hoc|iPhoneSimulator.ActiveCfg = Debug|Any CPU
		{11AF58AC-4115-4E09-8D74-773F9363046E}.Ad-Hoc|iPhoneSimulator.Build.0 = Debug|Any CPU
		{11AF58AC-4115-4E09-8D74-773F9363046E}.Ad-Hoc|iPhoneSimulator.Deploy.0 = Debug|Any CPU
		{11AF58AC-4115-4E09-8D74-773F9363046E}.Ad-Hoc|x64.ActiveCfg = Debug|Any CPU
		{11AF58AC-4115-4E09-8D74-773F9363046E}.Ad-Hoc|x64.Build.0 = Debug|Any CPU
		{11AF58AC-4115-4E09-8D74-773F9363046E}.Ad-Hoc|x64.Deploy.0 = Debug|Any CPU
		{11AF58AC-4115-4E09-8D74-773F9363046E}.Ad-Hoc|x86.ActiveCfg = Debug|Any CPU
		{11AF58AC-4115-4E09-8D74-773F9363046E}.Ad-Hoc|x86.Build.0 = Debug|Any CPU
		{11AF58AC-4115-4E09-8D74-773F9363046E}.Ad-Hoc|x86.Deploy.0 = Debug|Any CPU
		{11AF58AC-4115-4E09-8D74-773F9363046E}.AppStore|Any CPU.ActiveCfg = Debug|Any CPU
		{11AF58AC-4115-4E09-8D74-773F9363046E}.AppStore|Any CPU.Build.0 = Debug|Any CPU
		{11AF58AC-4115-4E09-8D74-773F9363046E}.AppStore|Any CPU.Deploy.0 = Debug|Any CPU
		{11AF58AC-4115-4E09-8D74-773F9363046E}.AppStore|ARM.ActiveCfg = Debug|Any CPU
		{11AF58AC-4115-4E09-8D74-773F9363046E}.AppStore|ARM.Build.0 = Debug|Any CPU
		{11AF58AC-4115-4E09-8D74-773F9363046E}.AppStore|ARM.Deploy.0 = Debug|Any CPU
		{11AF58AC-4115-4E09-8D74-773F9363046E}.AppStore|ARM64.ActiveCfg = Debug|Any CPU
		{11AF58AC-4115-4E09-8D74-773F9363046E}.AppStore|ARM64.Build.0 = Debug|Any CPU
		{11AF58AC-4115-4E09-8D74-773F9363046E}.AppStore|ARM64.Deploy.0 = Debug|Any CPU
		{11AF58AC-4115-4E09-8D74-773F9363046E}.AppStore|iPhone.ActiveCfg = Debug|Any CPU
		{11AF58AC-4115-4E09-8D74-773F9363046E}.AppStore|iPhone.Build.0 = Debug|Any CPU
		{11AF58AC-4115-4E09-8D74-773F9363046E}.AppStore|iPhone.Deploy.0 = Debug|Any CPU
		{11AF58AC-4115-4E09-8D74-773F9363046E}.AppStore|iPhoneSimulator.ActiveCfg = Debug|Any CPU
		{11AF58AC-4115-4E09-8D74-773F9363046E}.AppStore|iPhoneSimulator.Build.0 = Debug|Any CPU
		{11AF58AC-4115-4E09-8D74-773F9363046E}.AppStore|iPhoneSimulator.Deploy.0 = Debug|Any CPU
		{11AF58AC-4115-4E09-8D74-773F9363046E}.AppStore|x64.ActiveCfg = Debug|Any CPU
		{11AF58AC-4115-4E09-8D74-773F9363046E}.AppStore|x64.Build.0 = Debug|Any CPU
		{11AF58AC-4115-4E09-8D74-773F9363046E}.AppStore|x64.Deploy.0 = Debug|Any CPU
		{11AF58AC-4115-4E09-8D74-773F9363046E}.AppStore|x86.ActiveCfg = Debug|Any CPU
		{11AF58AC-4115-4E09-8D74-773F9363046E}.AppStore|x86.Build.0 = Debug|Any CPU
		{11AF58AC-4115-4E09-8D74-773F9363046E}.AppStore|x86.Deploy.0 = Debug|Any CPU
		{11AF58AC-4115-4E09-8D74-773F9363046E}.Debug|Any CPU.ActiveCfg = Debug|Any CPU
		{11AF58AC-4115-4E09-8D74-773F9363046E}.Debug|Any CPU.Build.0 = Debug|Any CPU
		{11AF58AC-4115-4E09-8D74-773F9363046E}.Debug|Any CPU.Deploy.0 = Debug|Any CPU
		{11AF58AC-4115-4E09-8D74-773F9363046E}.Debug|ARM.ActiveCfg = Debug|Any CPU
		{11AF58AC-4115-4E09-8D74-773F9363046E}.Debug|ARM.Build.0 = Debug|Any CPU
		{11AF58AC-4115-4E09-8D74-773F9363046E}.Debug|ARM.Deploy.0 = Debug|Any CPU
		{11AF58AC-4115-4E09-8D74-773F9363046E}.Debug|ARM64.ActiveCfg = Debug|Any CPU
		{11AF58AC-4115-4E09-8D74-773F9363046E}.Debug|ARM64.Build.0 = Debug|Any CPU
		{11AF58AC-4115-4E09-8D74-773F9363046E}.Debug|ARM64.Deploy.0 = Debug|Any CPU
		{11AF58AC-4115-4E09-8D74-773F9363046E}.Debug|iPhone.ActiveCfg = Debug|Any CPU
		{11AF58AC-4115-4E09-8D74-773F9363046E}.Debug|iPhone.Build.0 = Debug|Any CPU
		{11AF58AC-4115-4E09-8D74-773F9363046E}.Debug|iPhone.Deploy.0 = Debug|Any CPU
		{11AF58AC-4115-4E09-8D74-773F9363046E}.Debug|iPhoneSimulator.ActiveCfg = Debug|Any CPU
		{11AF58AC-4115-4E09-8D74-773F9363046E}.Debug|iPhoneSimulator.Build.0 = Debug|Any CPU
		{11AF58AC-4115-4E09-8D74-773F9363046E}.Debug|iPhoneSimulator.Deploy.0 = Debug|Any CPU
		{11AF58AC-4115-4E09-8D74-773F9363046E}.Debug|x64.ActiveCfg = Debug|Any CPU
		{11AF58AC-4115-4E09-8D74-773F9363046E}.Debug|x64.Build.0 = Debug|Any CPU
		{11AF58AC-4115-4E09-8D74-773F9363046E}.Debug|x64.Deploy.0 = Debug|Any CPU
		{11AF58AC-4115-4E09-8D74-773F9363046E}.Debug|x86.ActiveCfg = Debug|Any CPU
		{11AF58AC-4115-4E09-8D74-773F9363046E}.Debug|x86.Build.0 = Debug|Any CPU
		{11AF58AC-4115-4E09-8D74-773F9363046E}.Debug|x86.Deploy.0 = Debug|Any CPU
		{11AF58AC-4115-4E09-8D74-773F9363046E}.Release|Any CPU.ActiveCfg = Release|Any CPU
		{11AF58AC-4115-4E09-8D74-773F9363046E}.Release|Any CPU.Build.0 = Release|Any CPU
		{11AF58AC-4115-4E09-8D74-773F9363046E}.Release|Any CPU.Deploy.0 = Release|Any CPU
		{11AF58AC-4115-4E09-8D74-773F9363046E}.Release|ARM.ActiveCfg = Release|Any CPU
		{11AF58AC-4115-4E09-8D74-773F9363046E}.Release|ARM.Build.0 = Release|Any CPU
		{11AF58AC-4115-4E09-8D74-773F9363046E}.Release|ARM.Deploy.0 = Release|Any CPU
		{11AF58AC-4115-4E09-8D74-773F9363046E}.Release|ARM64.ActiveCfg = Release|Any CPU
		{11AF58AC-4115-4E09-8D74-773F9363046E}.Release|ARM64.Build.0 = Release|Any CPU
		{11AF58AC-4115-4E09-8D74-773F9363046E}.Release|ARM64.Deploy.0 = Release|Any CPU
		{11AF58AC-4115-4E09-8D74-773F9363046E}.Release|iPhone.ActiveCfg = Release|Any CPU
		{11AF58AC-4115-4E09-8D74-773F9363046E}.Release|iPhone.Build.0 = Release|Any CPU
		{11AF58AC-4115-4E09-8D74-773F9363046E}.Release|iPhone.Deploy.0 = Release|Any CPU
		{11AF58AC-4115-4E09-8D74-773F9363046E}.Release|iPhoneSimulator.ActiveCfg = Release|Any CPU
		{11AF58AC-4115-4E09-8D74-773F9363046E}.Release|iPhoneSimulator.Build.0 = Release|Any CPU
		{11AF58AC-4115-4E09-8D74-773F9363046E}.Release|iPhoneSimulator.Deploy.0 = Release|Any CPU
		{11AF58AC-4115-4E09-8D74-773F9363046E}.Release|x64.ActiveCfg = Release|Any CPU
		{11AF58AC-4115-4E09-8D74-773F9363046E}.Release|x64.Build.0 = Release|Any CPU
		{11AF58AC-4115-4E09-8D74-773F9363046E}.Release|x64.Deploy.0 = Release|Any CPU
		{11AF58AC-4115-4E09-8D74-773F9363046E}.Release|x86.ActiveCfg = Release|Any CPU
		{11AF58AC-4115-4E09-8D74-773F9363046E}.Release|x86.Build.0 = Release|Any CPU
		{11AF58AC-4115-4E09-8D74-773F9363046E}.Release|x86.Deploy.0 = Release|Any CPU
		{1E4571C2-73DD-473F-AAF6-75175FA3D774}.Ad-Hoc|Any CPU.ActiveCfg = Ad-Hoc|iPhoneSimulator
		{1E4571C2-73DD-473F-AAF6-75175FA3D774}.Ad-Hoc|ARM.ActiveCfg = Ad-Hoc|iPhoneSimulator
		{1E4571C2-73DD-473F-AAF6-75175FA3D774}.Ad-Hoc|ARM64.ActiveCfg = Ad-Hoc|iPhoneSimulator
		{1E4571C2-73DD-473F-AAF6-75175FA3D774}.Ad-Hoc|iPhone.ActiveCfg = Ad-Hoc|iPhone
		{1E4571C2-73DD-473F-AAF6-75175FA3D774}.Ad-Hoc|iPhone.Build.0 = Ad-Hoc|iPhone
		{1E4571C2-73DD-473F-AAF6-75175FA3D774}.Ad-Hoc|iPhoneSimulator.ActiveCfg = Ad-Hoc|iPhoneSimulator
		{1E4571C2-73DD-473F-AAF6-75175FA3D774}.Ad-Hoc|iPhoneSimulator.Build.0 = Ad-Hoc|iPhoneSimulator
		{1E4571C2-73DD-473F-AAF6-75175FA3D774}.Ad-Hoc|x64.ActiveCfg = Ad-Hoc|iPhoneSimulator
		{1E4571C2-73DD-473F-AAF6-75175FA3D774}.Ad-Hoc|x86.ActiveCfg = Ad-Hoc|iPhoneSimulator
		{1E4571C2-73DD-473F-AAF6-75175FA3D774}.AppStore|Any CPU.ActiveCfg = AppStore|iPhoneSimulator
		{1E4571C2-73DD-473F-AAF6-75175FA3D774}.AppStore|ARM.ActiveCfg = AppStore|iPhoneSimulator
		{1E4571C2-73DD-473F-AAF6-75175FA3D774}.AppStore|ARM64.ActiveCfg = AppStore|iPhoneSimulator
		{1E4571C2-73DD-473F-AAF6-75175FA3D774}.AppStore|iPhone.ActiveCfg = AppStore|iPhone
		{1E4571C2-73DD-473F-AAF6-75175FA3D774}.AppStore|iPhone.Build.0 = AppStore|iPhone
		{1E4571C2-73DD-473F-AAF6-75175FA3D774}.AppStore|iPhoneSimulator.ActiveCfg = AppStore|iPhoneSimulator
		{1E4571C2-73DD-473F-AAF6-75175FA3D774}.AppStore|iPhoneSimulator.Build.0 = AppStore|iPhoneSimulator
		{1E4571C2-73DD-473F-AAF6-75175FA3D774}.AppStore|x64.ActiveCfg = AppStore|iPhoneSimulator
		{1E4571C2-73DD-473F-AAF6-75175FA3D774}.AppStore|x86.ActiveCfg = AppStore|iPhoneSimulator
		{1E4571C2-73DD-473F-AAF6-75175FA3D774}.Debug|Any CPU.ActiveCfg = Debug|iPhoneSimulator
		{1E4571C2-73DD-473F-AAF6-75175FA3D774}.Debug|ARM.ActiveCfg = Debug|iPhoneSimulator
		{1E4571C2-73DD-473F-AAF6-75175FA3D774}.Debug|ARM64.ActiveCfg = Debug|iPhoneSimulator
		{1E4571C2-73DD-473F-AAF6-75175FA3D774}.Debug|iPhone.ActiveCfg = Debug|iPhone
		{1E4571C2-73DD-473F-AAF6-75175FA3D774}.Debug|iPhone.Build.0 = Debug|iPhone
		{1E4571C2-73DD-473F-AAF6-75175FA3D774}.Debug|iPhoneSimulator.ActiveCfg = Debug|iPhoneSimulator
		{1E4571C2-73DD-473F-AAF6-75175FA3D774}.Debug|iPhoneSimulator.Build.0 = Debug|iPhoneSimulator
		{1E4571C2-73DD-473F-AAF6-75175FA3D774}.Debug|x64.ActiveCfg = Debug|iPhoneSimulator
		{1E4571C2-73DD-473F-AAF6-75175FA3D774}.Debug|x86.ActiveCfg = Debug|iPhoneSimulator
		{1E4571C2-73DD-473F-AAF6-75175FA3D774}.Release|Any CPU.ActiveCfg = Release|iPhoneSimulator
		{1E4571C2-73DD-473F-AAF6-75175FA3D774}.Release|ARM.ActiveCfg = Release|iPhoneSimulator
		{1E4571C2-73DD-473F-AAF6-75175FA3D774}.Release|ARM64.ActiveCfg = Release|iPhoneSimulator
		{1E4571C2-73DD-473F-AAF6-75175FA3D774}.Release|iPhone.ActiveCfg = Release|iPhone
		{1E4571C2-73DD-473F-AAF6-75175FA3D774}.Release|iPhone.Build.0 = Release|iPhone
		{1E4571C2-73DD-473F-AAF6-75175FA3D774}.Release|iPhoneSimulator.ActiveCfg = Release|iPhoneSimulator
		{1E4571C2-73DD-473F-AAF6-75175FA3D774}.Release|iPhoneSimulator.Build.0 = Release|iPhoneSimulator
		{1E4571C2-73DD-473F-AAF6-75175FA3D774}.Release|x64.ActiveCfg = Release|iPhoneSimulator
		{1E4571C2-73DD-473F-AAF6-75175FA3D774}.Release|x86.ActiveCfg = Release|iPhoneSimulator
		{993CCD68-C154-480C-A6EF-565D48731C67}.Ad-Hoc|Any CPU.ActiveCfg = Debug|x86
		{993CCD68-C154-480C-A6EF-565D48731C67}.Ad-Hoc|Any CPU.Build.0 = Debug|x86
		{993CCD68-C154-480C-A6EF-565D48731C67}.Ad-Hoc|Any CPU.Deploy.0 = Debug|x86
		{993CCD68-C154-480C-A6EF-565D48731C67}.Ad-Hoc|ARM.ActiveCfg = Debug|ARM
		{993CCD68-C154-480C-A6EF-565D48731C67}.Ad-Hoc|ARM.Build.0 = Debug|ARM
		{993CCD68-C154-480C-A6EF-565D48731C67}.Ad-Hoc|ARM.Deploy.0 = Debug|ARM
		{993CCD68-C154-480C-A6EF-565D48731C67}.Ad-Hoc|ARM64.ActiveCfg = Debug|ARM64
		{993CCD68-C154-480C-A6EF-565D48731C67}.Ad-Hoc|ARM64.Build.0 = Debug|ARM64
		{993CCD68-C154-480C-A6EF-565D48731C67}.Ad-Hoc|ARM64.Deploy.0 = Debug|ARM64
		{993CCD68-C154-480C-A6EF-565D48731C67}.Ad-Hoc|iPhone.ActiveCfg = Debug|x86
		{993CCD68-C154-480C-A6EF-565D48731C67}.Ad-Hoc|iPhone.Build.0 = Debug|x86
		{993CCD68-C154-480C-A6EF-565D48731C67}.Ad-Hoc|iPhone.Deploy.0 = Debug|x86
		{993CCD68-C154-480C-A6EF-565D48731C67}.Ad-Hoc|iPhoneSimulator.ActiveCfg = Debug|x86
		{993CCD68-C154-480C-A6EF-565D48731C67}.Ad-Hoc|iPhoneSimulator.Build.0 = Debug|x86
		{993CCD68-C154-480C-A6EF-565D48731C67}.Ad-Hoc|iPhoneSimulator.Deploy.0 = Debug|x86
		{993CCD68-C154-480C-A6EF-565D48731C67}.Ad-Hoc|x64.ActiveCfg = Debug|x64
		{993CCD68-C154-480C-A6EF-565D48731C67}.Ad-Hoc|x64.Build.0 = Debug|x64
		{993CCD68-C154-480C-A6EF-565D48731C67}.Ad-Hoc|x64.Deploy.0 = Debug|x64
		{993CCD68-C154-480C-A6EF-565D48731C67}.Ad-Hoc|x86.ActiveCfg = Debug|x86
		{993CCD68-C154-480C-A6EF-565D48731C67}.Ad-Hoc|x86.Build.0 = Debug|x86
		{993CCD68-C154-480C-A6EF-565D48731C67}.Ad-Hoc|x86.Deploy.0 = Debug|x86
		{993CCD68-C154-480C-A6EF-565D48731C67}.AppStore|Any CPU.ActiveCfg = Debug|x86
		{993CCD68-C154-480C-A6EF-565D48731C67}.AppStore|Any CPU.Build.0 = Debug|x86
		{993CCD68-C154-480C-A6EF-565D48731C67}.AppStore|Any CPU.Deploy.0 = Debug|x86
		{993CCD68-C154-480C-A6EF-565D48731C67}.AppStore|ARM.ActiveCfg = Debug|ARM
		{993CCD68-C154-480C-A6EF-565D48731C67}.AppStore|ARM.Build.0 = Debug|ARM
		{993CCD68-C154-480C-A6EF-565D48731C67}.AppStore|ARM.Deploy.0 = Debug|ARM
		{993CCD68-C154-480C-A6EF-565D48731C67}.AppStore|ARM64.ActiveCfg = Debug|ARM64
		{993CCD68-C154-480C-A6EF-565D48731C67}.AppStore|ARM64.Build.0 = Debug|ARM64
		{993CCD68-C154-480C-A6EF-565D48731C67}.AppStore|ARM64.Deploy.0 = Debug|ARM64
		{993CCD68-C154-480C-A6EF-565D48731C67}.AppStore|iPhone.ActiveCfg = Debug|x86
		{993CCD68-C154-480C-A6EF-565D48731C67}.AppStore|iPhone.Build.0 = Debug|x86
		{993CCD68-C154-480C-A6EF-565D48731C67}.AppStore|iPhone.Deploy.0 = Debug|x86
		{993CCD68-C154-480C-A6EF-565D48731C67}.AppStore|iPhoneSimulator.ActiveCfg = Debug|x86
		{993CCD68-C154-480C-A6EF-565D48731C67}.AppStore|iPhoneSimulator.Build.0 = Debug|x86
		{993CCD68-C154-480C-A6EF-565D48731C67}.AppStore|iPhoneSimulator.Deploy.0 = Debug|x86
		{993CCD68-C154-480C-A6EF-565D48731C67}.AppStore|x64.ActiveCfg = Debug|x64
		{993CCD68-C154-480C-A6EF-565D48731C67}.AppStore|x64.Build.0 = Debug|x64
		{993CCD68-C154-480C-A6EF-565D48731C67}.AppStore|x64.Deploy.0 = Debug|x64
		{993CCD68-C154-480C-A6EF-565D48731C67}.AppStore|x86.ActiveCfg = Debug|x86
		{993CCD68-C154-480C-A6EF-565D48731C67}.AppStore|x86.Build.0 = Debug|x86
		{993CCD68-C154-480C-A6EF-565D48731C67}.AppStore|x86.Deploy.0 = Debug|x86
		{993CCD68-C154-480C-A6EF-565D48731C67}.Debug|Any CPU.ActiveCfg = Debug|x86
		{993CCD68-C154-480C-A6EF-565D48731C67}.Debug|Any CPU.Build.0 = Debug|x86
		{993CCD68-C154-480C-A6EF-565D48731C67}.Debug|Any CPU.Deploy.0 = Debug|x86
		{993CCD68-C154-480C-A6EF-565D48731C67}.Debug|ARM.ActiveCfg = Debug|ARM
		{993CCD68-C154-480C-A6EF-565D48731C67}.Debug|ARM.Build.0 = Debug|ARM
		{993CCD68-C154-480C-A6EF-565D48731C67}.Debug|ARM.Deploy.0 = Debug|ARM
		{993CCD68-C154-480C-A6EF-565D48731C67}.Debug|ARM64.ActiveCfg = Debug|ARM64
		{993CCD68-C154-480C-A6EF-565D48731C67}.Debug|ARM64.Build.0 = Debug|ARM64
		{993CCD68-C154-480C-A6EF-565D48731C67}.Debug|ARM64.Deploy.0 = Debug|ARM64
		{993CCD68-C154-480C-A6EF-565D48731C67}.Debug|iPhone.ActiveCfg = Debug|x86
		{993CCD68-C154-480C-A6EF-565D48731C67}.Debug|iPhoneSimulator.ActiveCfg = Debug|x86
		{993CCD68-C154-480C-A6EF-565D48731C67}.Debug|x64.ActiveCfg = Debug|x64
		{993CCD68-C154-480C-A6EF-565D48731C67}.Debug|x64.Build.0 = Debug|x64
		{993CCD68-C154-480C-A6EF-565D48731C67}.Debug|x64.Deploy.0 = Debug|x64
		{993CCD68-C154-480C-A6EF-565D48731C67}.Debug|x86.ActiveCfg = Debug|x86
		{993CCD68-C154-480C-A6EF-565D48731C67}.Debug|x86.Build.0 = Debug|x86
		{993CCD68-C154-480C-A6EF-565D48731C67}.Debug|x86.Deploy.0 = Debug|x86
		{993CCD68-C154-480C-A6EF-565D48731C67}.Release|Any CPU.ActiveCfg = Release|x86
		{993CCD68-C154-480C-A6EF-565D48731C67}.Release|ARM.ActiveCfg = Release|ARM
		{993CCD68-C154-480C-A6EF-565D48731C67}.Release|ARM.Build.0 = Release|ARM
		{993CCD68-C154-480C-A6EF-565D48731C67}.Release|ARM.Deploy.0 = Release|ARM
		{993CCD68-C154-480C-A6EF-565D48731C67}.Release|ARM64.ActiveCfg = Release|ARM64
		{993CCD68-C154-480C-A6EF-565D48731C67}.Release|ARM64.Build.0 = Release|ARM64
		{993CCD68-C154-480C-A6EF-565D48731C67}.Release|ARM64.Deploy.0 = Release|ARM64
		{993CCD68-C154-480C-A6EF-565D48731C67}.Release|iPhone.ActiveCfg = Release|x86
		{993CCD68-C154-480C-A6EF-565D48731C67}.Release|iPhoneSimulator.ActiveCfg = Release|x86
		{993CCD68-C154-480C-A6EF-565D48731C67}.Release|x64.ActiveCfg = Release|x64
		{993CCD68-C154-480C-A6EF-565D48731C67}.Release|x64.Build.0 = Release|x64
		{993CCD68-C154-480C-A6EF-565D48731C67}.Release|x64.Deploy.0 = Release|x64
		{993CCD68-C154-480C-A6EF-565D48731C67}.Release|x86.ActiveCfg = Release|x86
		{993CCD68-C154-480C-A6EF-565D48731C67}.Release|x86.Build.0 = Release|x86
		{993CCD68-C154-480C-A6EF-565D48731C67}.Release|x86.Deploy.0 = Release|x86
		{D8CD2BA5-06F0-46F5-AF40-D82A4B6F7DC7}.Ad-Hoc|Any CPU.ActiveCfg = Debug|Any CPU
		{D8CD2BA5-06F0-46F5-AF40-D82A4B6F7DC7}.Ad-Hoc|Any CPU.Build.0 = Debug|Any CPU
		{D8CD2BA5-06F0-46F5-AF40-D82A4B6F7DC7}.Ad-Hoc|ARM.ActiveCfg = Debug|Any CPU
		{D8CD2BA5-06F0-46F5-AF40-D82A4B6F7DC7}.Ad-Hoc|ARM.Build.0 = Debug|Any CPU
		{D8CD2BA5-06F0-46F5-AF40-D82A4B6F7DC7}.Ad-Hoc|ARM64.ActiveCfg = Debug|Any CPU
		{D8CD2BA5-06F0-46F5-AF40-D82A4B6F7DC7}.Ad-Hoc|ARM64.Build.0 = Debug|Any CPU
		{D8CD2BA5-06F0-46F5-AF40-D82A4B6F7DC7}.Ad-Hoc|iPhone.ActiveCfg = Debug|Any CPU
		{D8CD2BA5-06F0-46F5-AF40-D82A4B6F7DC7}.Ad-Hoc|iPhone.Build.0 = Debug|Any CPU
		{D8CD2BA5-06F0-46F5-AF40-D82A4B6F7DC7}.Ad-Hoc|iPhoneSimulator.ActiveCfg = Debug|Any CPU
		{D8CD2BA5-06F0-46F5-AF40-D82A4B6F7DC7}.Ad-Hoc|iPhoneSimulator.Build.0 = Debug|Any CPU
		{D8CD2BA5-06F0-46F5-AF40-D82A4B6F7DC7}.Ad-Hoc|x64.ActiveCfg = Debug|Any CPU
		{D8CD2BA5-06F0-46F5-AF40-D82A4B6F7DC7}.Ad-Hoc|x64.Build.0 = Debug|Any CPU
		{D8CD2BA5-06F0-46F5-AF40-D82A4B6F7DC7}.Ad-Hoc|x86.ActiveCfg = Debug|Any CPU
		{D8CD2BA5-06F0-46F5-AF40-D82A4B6F7DC7}.Ad-Hoc|x86.Build.0 = Debug|Any CPU
		{D8CD2BA5-06F0-46F5-AF40-D82A4B6F7DC7}.AppStore|Any CPU.ActiveCfg = Debug|Any CPU
		{D8CD2BA5-06F0-46F5-AF40-D82A4B6F7DC7}.AppStore|Any CPU.Build.0 = Debug|Any CPU
		{D8CD2BA5-06F0-46F5-AF40-D82A4B6F7DC7}.AppStore|ARM.ActiveCfg = Debug|Any CPU
		{D8CD2BA5-06F0-46F5-AF40-D82A4B6F7DC7}.AppStore|ARM.Build.0 = Debug|Any CPU
		{D8CD2BA5-06F0-46F5-AF40-D82A4B6F7DC7}.AppStore|ARM64.ActiveCfg = Debug|Any CPU
		{D8CD2BA5-06F0-46F5-AF40-D82A4B6F7DC7}.AppStore|ARM64.Build.0 = Debug|Any CPU
		{D8CD2BA5-06F0-46F5-AF40-D82A4B6F7DC7}.AppStore|iPhone.ActiveCfg = Debug|Any CPU
		{D8CD2BA5-06F0-46F5-AF40-D82A4B6F7DC7}.AppStore|iPhone.Build.0 = Debug|Any CPU
		{D8CD2BA5-06F0-46F5-AF40-D82A4B6F7DC7}.AppStore|iPhoneSimulator.ActiveCfg = Debug|Any CPU
		{D8CD2BA5-06F0-46F5-AF40-D82A4B6F7DC7}.AppStore|iPhoneSimulator.Build.0 = Debug|Any CPU
		{D8CD2BA5-06F0-46F5-AF40-D82A4B6F7DC7}.AppStore|x64.ActiveCfg = Debug|Any CPU
		{D8CD2BA5-06F0-46F5-AF40-D82A4B6F7DC7}.AppStore|x64.Build.0 = Debug|Any CPU
		{D8CD2BA5-06F0-46F5-AF40-D82A4B6F7DC7}.AppStore|x86.ActiveCfg = Debug|Any CPU
		{D8CD2BA5-06F0-46F5-AF40-D82A4B6F7DC7}.AppStore|x86.Build.0 = Debug|Any CPU
		{D8CD2BA5-06F0-46F5-AF40-D82A4B6F7DC7}.Debug|Any CPU.ActiveCfg = Debug|Any CPU
		{D8CD2BA5-06F0-46F5-AF40-D82A4B6F7DC7}.Debug|Any CPU.Build.0 = Debug|Any CPU
		{D8CD2BA5-06F0-46F5-AF40-D82A4B6F7DC7}.Debug|ARM.ActiveCfg = Debug|Any CPU
		{D8CD2BA5-06F0-46F5-AF40-D82A4B6F7DC7}.Debug|ARM.Build.0 = Debug|Any CPU
		{D8CD2BA5-06F0-46F5-AF40-D82A4B6F7DC7}.Debug|ARM64.ActiveCfg = Debug|Any CPU
		{D8CD2BA5-06F0-46F5-AF40-D82A4B6F7DC7}.Debug|ARM64.Build.0 = Debug|Any CPU
		{D8CD2BA5-06F0-46F5-AF40-D82A4B6F7DC7}.Debug|iPhone.ActiveCfg = Debug|Any CPU
		{D8CD2BA5-06F0-46F5-AF40-D82A4B6F7DC7}.Debug|iPhone.Build.0 = Debug|Any CPU
		{D8CD2BA5-06F0-46F5-AF40-D82A4B6F7DC7}.Debug|iPhoneSimulator.ActiveCfg = Debug|Any CPU
		{D8CD2BA5-06F0-46F5-AF40-D82A4B6F7DC7}.Debug|iPhoneSimulator.Build.0 = Debug|Any CPU
		{D8CD2BA5-06F0-46F5-AF40-D82A4B6F7DC7}.Debug|x64.ActiveCfg = Debug|Any CPU
		{D8CD2BA5-06F0-46F5-AF40-D82A4B6F7DC7}.Debug|x64.Build.0 = Debug|Any CPU
		{D8CD2BA5-06F0-46F5-AF40-D82A4B6F7DC7}.Debug|x86.ActiveCfg = Debug|Any CPU
		{D8CD2BA5-06F0-46F5-AF40-D82A4B6F7DC7}.Debug|x86.Build.0 = Debug|Any CPU
		{D8CD2BA5-06F0-46F5-AF40-D82A4B6F7DC7}.Release|Any CPU.ActiveCfg = Release|Any CPU
		{D8CD2BA5-06F0-46F5-AF40-D82A4B6F7DC7}.Release|Any CPU.Build.0 = Release|Any CPU
		{D8CD2BA5-06F0-46F5-AF40-D82A4B6F7DC7}.Release|ARM.ActiveCfg = Release|Any CPU
		{D8CD2BA5-06F0-46F5-AF40-D82A4B6F7DC7}.Release|ARM.Build.0 = Release|Any CPU
		{D8CD2BA5-06F0-46F5-AF40-D82A4B6F7DC7}.Release|ARM64.ActiveCfg = Release|Any CPU
		{D8CD2BA5-06F0-46F5-AF40-D82A4B6F7DC7}.Release|ARM64.Build.0 = Release|Any CPU
		{D8CD2BA5-06F0-46F5-AF40-D82A4B6F7DC7}.Release|iPhone.ActiveCfg = Release|Any CPU
		{D8CD2BA5-06F0-46F5-AF40-D82A4B6F7DC7}.Release|iPhone.Build.0 = Release|Any CPU
		{D8CD2BA5-06F0-46F5-AF40-D82A4B6F7DC7}.Release|iPhoneSimulator.ActiveCfg = Release|Any CPU
		{D8CD2BA5-06F0-46F5-AF40-D82A4B6F7DC7}.Release|iPhoneSimulator.Build.0 = Release|Any CPU
		{D8CD2BA5-06F0-46F5-AF40-D82A4B6F7DC7}.Release|x64.ActiveCfg = Release|Any CPU
		{D8CD2BA5-06F0-46F5-AF40-D82A4B6F7DC7}.Release|x64.Build.0 = Release|Any CPU
		{D8CD2BA5-06F0-46F5-AF40-D82A4B6F7DC7}.Release|x86.ActiveCfg = Release|Any CPU
		{D8CD2BA5-06F0-46F5-AF40-D82A4B6F7DC7}.Release|x86.Build.0 = Release|Any CPU
		{2ED68A57-BC55-471A-9061-F93B4E1923C5}.Ad-Hoc|Any CPU.ActiveCfg = Debug|iPhoneSimulator
		{2ED68A57-BC55-471A-9061-F93B4E1923C5}.Ad-Hoc|Any CPU.Build.0 = Debug|iPhoneSimulator
		{2ED68A57-BC55-471A-9061-F93B4E1923C5}.Ad-Hoc|ARM.ActiveCfg = Debug|iPhoneSimulator
		{2ED68A57-BC55-471A-9061-F93B4E1923C5}.Ad-Hoc|ARM.Build.0 = Debug|iPhoneSimulator
		{2ED68A57-BC55-471A-9061-F93B4E1923C5}.Ad-Hoc|ARM64.ActiveCfg = Debug|iPhoneSimulator
		{2ED68A57-BC55-471A-9061-F93B4E1923C5}.Ad-Hoc|ARM64.Build.0 = Debug|iPhoneSimulator
		{2ED68A57-BC55-471A-9061-F93B4E1923C5}.Ad-Hoc|iPhone.ActiveCfg = Debug|iPhoneSimulator
		{2ED68A57-BC55-471A-9061-F93B4E1923C5}.Ad-Hoc|iPhone.Build.0 = Debug|iPhoneSimulator
		{2ED68A57-BC55-471A-9061-F93B4E1923C5}.Ad-Hoc|iPhoneSimulator.ActiveCfg = Debug|iPhoneSimulator
		{2ED68A57-BC55-471A-9061-F93B4E1923C5}.Ad-Hoc|iPhoneSimulator.Build.0 = Debug|iPhoneSimulator
		{2ED68A57-BC55-471A-9061-F93B4E1923C5}.Ad-Hoc|x64.ActiveCfg = Debug|iPhoneSimulator
		{2ED68A57-BC55-471A-9061-F93B4E1923C5}.Ad-Hoc|x64.Build.0 = Debug|iPhoneSimulator
		{2ED68A57-BC55-471A-9061-F93B4E1923C5}.Ad-Hoc|x86.ActiveCfg = Debug|iPhoneSimulator
		{2ED68A57-BC55-471A-9061-F93B4E1923C5}.Ad-Hoc|x86.Build.0 = Debug|iPhoneSimulator
		{2ED68A57-BC55-471A-9061-F93B4E1923C5}.AppStore|Any CPU.ActiveCfg = Debug|iPhoneSimulator
		{2ED68A57-BC55-471A-9061-F93B4E1923C5}.AppStore|Any CPU.Build.0 = Debug|iPhoneSimulator
		{2ED68A57-BC55-471A-9061-F93B4E1923C5}.AppStore|ARM.ActiveCfg = Debug|iPhoneSimulator
		{2ED68A57-BC55-471A-9061-F93B4E1923C5}.AppStore|ARM.Build.0 = Debug|iPhoneSimulator
		{2ED68A57-BC55-471A-9061-F93B4E1923C5}.AppStore|ARM64.ActiveCfg = Debug|iPhoneSimulator
		{2ED68A57-BC55-471A-9061-F93B4E1923C5}.AppStore|ARM64.Build.0 = Debug|iPhoneSimulator
		{2ED68A57-BC55-471A-9061-F93B4E1923C5}.AppStore|iPhone.ActiveCfg = Debug|iPhoneSimulator
		{2ED68A57-BC55-471A-9061-F93B4E1923C5}.AppStore|iPhone.Build.0 = Debug|iPhoneSimulator
		{2ED68A57-BC55-471A-9061-F93B4E1923C5}.AppStore|iPhoneSimulator.ActiveCfg = Debug|iPhoneSimulator
		{2ED68A57-BC55-471A-9061-F93B4E1923C5}.AppStore|iPhoneSimulator.Build.0 = Debug|iPhoneSimulator
		{2ED68A57-BC55-471A-9061-F93B4E1923C5}.AppStore|x64.ActiveCfg = Debug|iPhoneSimulator
		{2ED68A57-BC55-471A-9061-F93B4E1923C5}.AppStore|x64.Build.0 = Debug|iPhoneSimulator
		{2ED68A57-BC55-471A-9061-F93B4E1923C5}.AppStore|x86.ActiveCfg = Debug|iPhoneSimulator
		{2ED68A57-BC55-471A-9061-F93B4E1923C5}.AppStore|x86.Build.0 = Debug|iPhoneSimulator
		{2ED68A57-BC55-471A-9061-F93B4E1923C5}.Debug|Any CPU.ActiveCfg = Debug|iPhoneSimulator
		{2ED68A57-BC55-471A-9061-F93B4E1923C5}.Debug|ARM.ActiveCfg = Debug|iPhoneSimulator
		{2ED68A57-BC55-471A-9061-F93B4E1923C5}.Debug|ARM64.ActiveCfg = Debug|iPhoneSimulator
		{2ED68A57-BC55-471A-9061-F93B4E1923C5}.Debug|iPhone.ActiveCfg = Debug|iPhoneSimulator
		{2ED68A57-BC55-471A-9061-F93B4E1923C5}.Debug|iPhoneSimulator.ActiveCfg = Debug|iPhoneSimulator
		{2ED68A57-BC55-471A-9061-F93B4E1923C5}.Debug|iPhoneSimulator.Build.0 = Debug|iPhoneSimulator
		{2ED68A57-BC55-471A-9061-F93B4E1923C5}.Debug|x64.ActiveCfg = Debug|iPhoneSimulator
		{2ED68A57-BC55-471A-9061-F93B4E1923C5}.Debug|x86.ActiveCfg = Debug|iPhoneSimulator
		{2ED68A57-BC55-471A-9061-F93B4E1923C5}.Release|Any CPU.ActiveCfg = Release|iPhoneSimulator
		{2ED68A57-BC55-471A-9061-F93B4E1923C5}.Release|ARM.ActiveCfg = Release|iPhoneSimulator
		{2ED68A57-BC55-471A-9061-F93B4E1923C5}.Release|ARM64.ActiveCfg = Release|iPhoneSimulator
		{2ED68A57-BC55-471A-9061-F93B4E1923C5}.Release|iPhone.ActiveCfg = Release|iPhoneSimulator
		{2ED68A57-BC55-471A-9061-F93B4E1923C5}.Release|iPhoneSimulator.ActiveCfg = Release|iPhoneSimulator
		{2ED68A57-BC55-471A-9061-F93B4E1923C5}.Release|iPhoneSimulator.Build.0 = Release|iPhoneSimulator
		{2ED68A57-BC55-471A-9061-F93B4E1923C5}.Release|x64.ActiveCfg = Release|iPhoneSimulator
		{2ED68A57-BC55-471A-9061-F93B4E1923C5}.Release|x86.ActiveCfg = Release|iPhoneSimulator
		{AC7278B9-F0D1-47CB-940B-0F856BF67098}.Ad-Hoc|Any CPU.ActiveCfg = Debug|Any CPU
		{AC7278B9-F0D1-47CB-940B-0F856BF67098}.Ad-Hoc|Any CPU.Build.0 = Debug|Any CPU
		{AC7278B9-F0D1-47CB-940B-0F856BF67098}.Ad-Hoc|ARM.ActiveCfg = Debug|Any CPU
		{AC7278B9-F0D1-47CB-940B-0F856BF67098}.Ad-Hoc|ARM.Build.0 = Debug|Any CPU
		{AC7278B9-F0D1-47CB-940B-0F856BF67098}.Ad-Hoc|ARM64.ActiveCfg = Debug|Any CPU
		{AC7278B9-F0D1-47CB-940B-0F856BF67098}.Ad-Hoc|ARM64.Build.0 = Debug|Any CPU
		{AC7278B9-F0D1-47CB-940B-0F856BF67098}.Ad-Hoc|iPhone.ActiveCfg = Debug|Any CPU
		{AC7278B9-F0D1-47CB-940B-0F856BF67098}.Ad-Hoc|iPhone.Build.0 = Debug|Any CPU
		{AC7278B9-F0D1-47CB-940B-0F856BF67098}.Ad-Hoc|iPhoneSimulator.ActiveCfg = Debug|Any CPU
		{AC7278B9-F0D1-47CB-940B-0F856BF67098}.Ad-Hoc|iPhoneSimulator.Build.0 = Debug|Any CPU
		{AC7278B9-F0D1-47CB-940B-0F856BF67098}.Ad-Hoc|x64.ActiveCfg = Debug|Any CPU
		{AC7278B9-F0D1-47CB-940B-0F856BF67098}.Ad-Hoc|x64.Build.0 = Debug|Any CPU
		{AC7278B9-F0D1-47CB-940B-0F856BF67098}.Ad-Hoc|x86.ActiveCfg = Debug|Any CPU
		{AC7278B9-F0D1-47CB-940B-0F856BF67098}.Ad-Hoc|x86.Build.0 = Debug|Any CPU
		{AC7278B9-F0D1-47CB-940B-0F856BF67098}.AppStore|Any CPU.ActiveCfg = Debug|Any CPU
		{AC7278B9-F0D1-47CB-940B-0F856BF67098}.AppStore|Any CPU.Build.0 = Debug|Any CPU
		{AC7278B9-F0D1-47CB-940B-0F856BF67098}.AppStore|ARM.ActiveCfg = Debug|Any CPU
		{AC7278B9-F0D1-47CB-940B-0F856BF67098}.AppStore|ARM.Build.0 = Debug|Any CPU
		{AC7278B9-F0D1-47CB-940B-0F856BF67098}.AppStore|ARM64.ActiveCfg = Debug|Any CPU
		{AC7278B9-F0D1-47CB-940B-0F856BF67098}.AppStore|ARM64.Build.0 = Debug|Any CPU
		{AC7278B9-F0D1-47CB-940B-0F856BF67098}.AppStore|iPhone.ActiveCfg = Debug|Any CPU
		{AC7278B9-F0D1-47CB-940B-0F856BF67098}.AppStore|iPhone.Build.0 = Debug|Any CPU
		{AC7278B9-F0D1-47CB-940B-0F856BF67098}.AppStore|iPhoneSimulator.ActiveCfg = Debug|Any CPU
		{AC7278B9-F0D1-47CB-940B-0F856BF67098}.AppStore|iPhoneSimulator.Build.0 = Debug|Any CPU
		{AC7278B9-F0D1-47CB-940B-0F856BF67098}.AppStore|x64.ActiveCfg = Debug|Any CPU
		{AC7278B9-F0D1-47CB-940B-0F856BF67098}.AppStore|x64.Build.0 = Debug|Any CPU
		{AC7278B9-F0D1-47CB-940B-0F856BF67098}.AppStore|x86.ActiveCfg = Debug|Any CPU
		{AC7278B9-F0D1-47CB-940B-0F856BF67098}.AppStore|x86.Build.0 = Debug|Any CPU
		{AC7278B9-F0D1-47CB-940B-0F856BF67098}.Debug|Any CPU.ActiveCfg = Debug|Any CPU
		{AC7278B9-F0D1-47CB-940B-0F856BF67098}.Debug|Any CPU.Build.0 = Debug|Any CPU
		{AC7278B9-F0D1-47CB-940B-0F856BF67098}.Debug|ARM.ActiveCfg = Debug|Any CPU
		{AC7278B9-F0D1-47CB-940B-0F856BF67098}.Debug|ARM.Build.0 = Debug|Any CPU
		{AC7278B9-F0D1-47CB-940B-0F856BF67098}.Debug|ARM64.ActiveCfg = Debug|Any CPU
		{AC7278B9-F0D1-47CB-940B-0F856BF67098}.Debug|ARM64.Build.0 = Debug|Any CPU
		{AC7278B9-F0D1-47CB-940B-0F856BF67098}.Debug|iPhone.ActiveCfg = Debug|Any CPU
		{AC7278B9-F0D1-47CB-940B-0F856BF67098}.Debug|iPhone.Build.0 = Debug|Any CPU
		{AC7278B9-F0D1-47CB-940B-0F856BF67098}.Debug|iPhoneSimulator.ActiveCfg = Debug|Any CPU
		{AC7278B9-F0D1-47CB-940B-0F856BF67098}.Debug|iPhoneSimulator.Build.0 = Debug|Any CPU
		{AC7278B9-F0D1-47CB-940B-0F856BF67098}.Debug|x64.ActiveCfg = Debug|Any CPU
		{AC7278B9-F0D1-47CB-940B-0F856BF67098}.Debug|x64.Build.0 = Debug|Any CPU
		{AC7278B9-F0D1-47CB-940B-0F856BF67098}.Debug|x86.ActiveCfg = Debug|Any CPU
		{AC7278B9-F0D1-47CB-940B-0F856BF67098}.Debug|x86.Build.0 = Debug|Any CPU
		{AC7278B9-F0D1-47CB-940B-0F856BF67098}.Release|Any CPU.ActiveCfg = Release|Any CPU
		{AC7278B9-F0D1-47CB-940B-0F856BF67098}.Release|Any CPU.Build.0 = Release|Any CPU
		{AC7278B9-F0D1-47CB-940B-0F856BF67098}.Release|ARM.ActiveCfg = Release|Any CPU
		{AC7278B9-F0D1-47CB-940B-0F856BF67098}.Release|ARM.Build.0 = Release|Any CPU
		{AC7278B9-F0D1-47CB-940B-0F856BF67098}.Release|ARM64.ActiveCfg = Release|Any CPU
		{AC7278B9-F0D1-47CB-940B-0F856BF67098}.Release|ARM64.Build.0 = Release|Any CPU
		{AC7278B9-F0D1-47CB-940B-0F856BF67098}.Release|iPhone.ActiveCfg = Release|Any CPU
		{AC7278B9-F0D1-47CB-940B-0F856BF67098}.Release|iPhone.Build.0 = Release|Any CPU
		{AC7278B9-F0D1-47CB-940B-0F856BF67098}.Release|iPhoneSimulator.ActiveCfg = Release|Any CPU
		{AC7278B9-F0D1-47CB-940B-0F856BF67098}.Release|iPhoneSimulator.Build.0 = Release|Any CPU
		{AC7278B9-F0D1-47CB-940B-0F856BF67098}.Release|x64.ActiveCfg = Release|Any CPU
		{AC7278B9-F0D1-47CB-940B-0F856BF67098}.Release|x64.Build.0 = Release|Any CPU
		{AC7278B9-F0D1-47CB-940B-0F856BF67098}.Release|x86.ActiveCfg = Release|Any CPU
		{AC7278B9-F0D1-47CB-940B-0F856BF67098}.Release|x86.Build.0 = Release|Any CPU
		{024DA5C3-E5C3-40DE-99BC-138ABA2C73F7}.Ad-Hoc|Any CPU.ActiveCfg = Debug|Any CPU
		{024DA5C3-E5C3-40DE-99BC-138ABA2C73F7}.Ad-Hoc|Any CPU.Build.0 = Debug|Any CPU
		{024DA5C3-E5C3-40DE-99BC-138ABA2C73F7}.Ad-Hoc|ARM.ActiveCfg = Debug|Any CPU
		{024DA5C3-E5C3-40DE-99BC-138ABA2C73F7}.Ad-Hoc|ARM.Build.0 = Debug|Any CPU
		{024DA5C3-E5C3-40DE-99BC-138ABA2C73F7}.Ad-Hoc|ARM64.ActiveCfg = Debug|Any CPU
		{024DA5C3-E5C3-40DE-99BC-138ABA2C73F7}.Ad-Hoc|ARM64.Build.0 = Debug|Any CPU
		{024DA5C3-E5C3-40DE-99BC-138ABA2C73F7}.Ad-Hoc|iPhone.ActiveCfg = Debug|Any CPU
		{024DA5C3-E5C3-40DE-99BC-138ABA2C73F7}.Ad-Hoc|iPhone.Build.0 = Debug|Any CPU
		{024DA5C3-E5C3-40DE-99BC-138ABA2C73F7}.Ad-Hoc|iPhoneSimulator.ActiveCfg = Debug|Any CPU
		{024DA5C3-E5C3-40DE-99BC-138ABA2C73F7}.Ad-Hoc|iPhoneSimulator.Build.0 = Debug|Any CPU
		{024DA5C3-E5C3-40DE-99BC-138ABA2C73F7}.Ad-Hoc|x64.ActiveCfg = Debug|Any CPU
		{024DA5C3-E5C3-40DE-99BC-138ABA2C73F7}.Ad-Hoc|x64.Build.0 = Debug|Any CPU
		{024DA5C3-E5C3-40DE-99BC-138ABA2C73F7}.Ad-Hoc|x86.ActiveCfg = Debug|Any CPU
		{024DA5C3-E5C3-40DE-99BC-138ABA2C73F7}.Ad-Hoc|x86.Build.0 = Debug|Any CPU
		{024DA5C3-E5C3-40DE-99BC-138ABA2C73F7}.AppStore|Any CPU.ActiveCfg = Debug|Any CPU
		{024DA5C3-E5C3-40DE-99BC-138ABA2C73F7}.AppStore|Any CPU.Build.0 = Debug|Any CPU
		{024DA5C3-E5C3-40DE-99BC-138ABA2C73F7}.AppStore|ARM.ActiveCfg = Debug|Any CPU
		{024DA5C3-E5C3-40DE-99BC-138ABA2C73F7}.AppStore|ARM.Build.0 = Debug|Any CPU
		{024DA5C3-E5C3-40DE-99BC-138ABA2C73F7}.AppStore|ARM64.ActiveCfg = Debug|Any CPU
		{024DA5C3-E5C3-40DE-99BC-138ABA2C73F7}.AppStore|ARM64.Build.0 = Debug|Any CPU
		{024DA5C3-E5C3-40DE-99BC-138ABA2C73F7}.AppStore|iPhone.ActiveCfg = Debug|Any CPU
		{024DA5C3-E5C3-40DE-99BC-138ABA2C73F7}.AppStore|iPhone.Build.0 = Debug|Any CPU
		{024DA5C3-E5C3-40DE-99BC-138ABA2C73F7}.AppStore|iPhoneSimulator.ActiveCfg = Debug|Any CPU
		{024DA5C3-E5C3-40DE-99BC-138ABA2C73F7}.AppStore|iPhoneSimulator.Build.0 = Debug|Any CPU
		{024DA5C3-E5C3-40DE-99BC-138ABA2C73F7}.AppStore|x64.ActiveCfg = Debug|Any CPU
		{024DA5C3-E5C3-40DE-99BC-138ABA2C73F7}.AppStore|x64.Build.0 = Debug|Any CPU
		{024DA5C3-E5C3-40DE-99BC-138ABA2C73F7}.AppStore|x86.ActiveCfg = Debug|Any CPU
		{024DA5C3-E5C3-40DE-99BC-138ABA2C73F7}.AppStore|x86.Build.0 = Debug|Any CPU
		{024DA5C3-E5C3-40DE-99BC-138ABA2C73F7}.Debug|Any CPU.ActiveCfg = Debug|Any CPU
		{024DA5C3-E5C3-40DE-99BC-138ABA2C73F7}.Debug|Any CPU.Build.0 = Debug|Any CPU
		{024DA5C3-E5C3-40DE-99BC-138ABA2C73F7}.Debug|ARM.ActiveCfg = Debug|Any CPU
		{024DA5C3-E5C3-40DE-99BC-138ABA2C73F7}.Debug|ARM.Build.0 = Debug|Any CPU
		{024DA5C3-E5C3-40DE-99BC-138ABA2C73F7}.Debug|ARM64.ActiveCfg = Debug|Any CPU
		{024DA5C3-E5C3-40DE-99BC-138ABA2C73F7}.Debug|ARM64.Build.0 = Debug|Any CPU
		{024DA5C3-E5C3-40DE-99BC-138ABA2C73F7}.Debug|iPhone.ActiveCfg = Debug|Any CPU
		{024DA5C3-E5C3-40DE-99BC-138ABA2C73F7}.Debug|iPhone.Build.0 = Debug|Any CPU
		{024DA5C3-E5C3-40DE-99BC-138ABA2C73F7}.Debug|iPhoneSimulator.ActiveCfg = Debug|Any CPU
		{024DA5C3-E5C3-40DE-99BC-138ABA2C73F7}.Debug|iPhoneSimulator.Build.0 = Debug|Any CPU
		{024DA5C3-E5C3-40DE-99BC-138ABA2C73F7}.Debug|x64.ActiveCfg = Debug|Any CPU
		{024DA5C3-E5C3-40DE-99BC-138ABA2C73F7}.Debug|x64.Build.0 = Debug|Any CPU
		{024DA5C3-E5C3-40DE-99BC-138ABA2C73F7}.Debug|x86.ActiveCfg = Debug|Any CPU
		{024DA5C3-E5C3-40DE-99BC-138ABA2C73F7}.Debug|x86.Build.0 = Debug|Any CPU
		{024DA5C3-E5C3-40DE-99BC-138ABA2C73F7}.Release|Any CPU.ActiveCfg = Release|Any CPU
		{024DA5C3-E5C3-40DE-99BC-138ABA2C73F7}.Release|Any CPU.Build.0 = Release|Any CPU
		{024DA5C3-E5C3-40DE-99BC-138ABA2C73F7}.Release|ARM.ActiveCfg = Release|Any CPU
		{024DA5C3-E5C3-40DE-99BC-138ABA2C73F7}.Release|ARM.Build.0 = Release|Any CPU
		{024DA5C3-E5C3-40DE-99BC-138ABA2C73F7}.Release|ARM64.ActiveCfg = Release|Any CPU
		{024DA5C3-E5C3-40DE-99BC-138ABA2C73F7}.Release|ARM64.Build.0 = Release|Any CPU
		{024DA5C3-E5C3-40DE-99BC-138ABA2C73F7}.Release|iPhone.ActiveCfg = Release|Any CPU
		{024DA5C3-E5C3-40DE-99BC-138ABA2C73F7}.Release|iPhone.Build.0 = Release|Any CPU
		{024DA5C3-E5C3-40DE-99BC-138ABA2C73F7}.Release|iPhoneSimulator.ActiveCfg = Release|Any CPU
		{024DA5C3-E5C3-40DE-99BC-138ABA2C73F7}.Release|iPhoneSimulator.Build.0 = Release|Any CPU
		{024DA5C3-E5C3-40DE-99BC-138ABA2C73F7}.Release|x64.ActiveCfg = Release|Any CPU
		{024DA5C3-E5C3-40DE-99BC-138ABA2C73F7}.Release|x64.Build.0 = Release|Any CPU
		{024DA5C3-E5C3-40DE-99BC-138ABA2C73F7}.Release|x86.ActiveCfg = Release|Any CPU
		{024DA5C3-E5C3-40DE-99BC-138ABA2C73F7}.Release|x86.Build.0 = Release|Any CPU
		{6FB705FF-52FF-4AC2-8FDB-E5E164589901}.Ad-Hoc|Any CPU.ActiveCfg = Debug|Any CPU
		{6FB705FF-52FF-4AC2-8FDB-E5E164589901}.Ad-Hoc|Any CPU.Build.0 = Debug|Any CPU
		{6FB705FF-52FF-4AC2-8FDB-E5E164589901}.Ad-Hoc|ARM.ActiveCfg = Debug|Any CPU
		{6FB705FF-52FF-4AC2-8FDB-E5E164589901}.Ad-Hoc|ARM.Build.0 = Debug|Any CPU
		{6FB705FF-52FF-4AC2-8FDB-E5E164589901}.Ad-Hoc|ARM64.ActiveCfg = Debug|Any CPU
		{6FB705FF-52FF-4AC2-8FDB-E5E164589901}.Ad-Hoc|ARM64.Build.0 = Debug|Any CPU
		{6FB705FF-52FF-4AC2-8FDB-E5E164589901}.Ad-Hoc|iPhone.ActiveCfg = Debug|Any CPU
		{6FB705FF-52FF-4AC2-8FDB-E5E164589901}.Ad-Hoc|iPhone.Build.0 = Debug|Any CPU
		{6FB705FF-52FF-4AC2-8FDB-E5E164589901}.Ad-Hoc|iPhoneSimulator.ActiveCfg = Debug|Any CPU
		{6FB705FF-52FF-4AC2-8FDB-E5E164589901}.Ad-Hoc|iPhoneSimulator.Build.0 = Debug|Any CPU
		{6FB705FF-52FF-4AC2-8FDB-E5E164589901}.Ad-Hoc|x64.ActiveCfg = Debug|Any CPU
		{6FB705FF-52FF-4AC2-8FDB-E5E164589901}.Ad-Hoc|x64.Build.0 = Debug|Any CPU
		{6FB705FF-52FF-4AC2-8FDB-E5E164589901}.Ad-Hoc|x86.ActiveCfg = Debug|Any CPU
		{6FB705FF-52FF-4AC2-8FDB-E5E164589901}.Ad-Hoc|x86.Build.0 = Debug|Any CPU
		{6FB705FF-52FF-4AC2-8FDB-E5E164589901}.AppStore|Any CPU.ActiveCfg = Debug|Any CPU
		{6FB705FF-52FF-4AC2-8FDB-E5E164589901}.AppStore|Any CPU.Build.0 = Debug|Any CPU
		{6FB705FF-52FF-4AC2-8FDB-E5E164589901}.AppStore|ARM.ActiveCfg = Debug|Any CPU
		{6FB705FF-52FF-4AC2-8FDB-E5E164589901}.AppStore|ARM.Build.0 = Debug|Any CPU
		{6FB705FF-52FF-4AC2-8FDB-E5E164589901}.AppStore|ARM64.ActiveCfg = Debug|Any CPU
		{6FB705FF-52FF-4AC2-8FDB-E5E164589901}.AppStore|ARM64.Build.0 = Debug|Any CPU
		{6FB705FF-52FF-4AC2-8FDB-E5E164589901}.AppStore|iPhone.ActiveCfg = Debug|Any CPU
		{6FB705FF-52FF-4AC2-8FDB-E5E164589901}.AppStore|iPhone.Build.0 = Debug|Any CPU
		{6FB705FF-52FF-4AC2-8FDB-E5E164589901}.AppStore|iPhoneSimulator.ActiveCfg = Debug|Any CPU
		{6FB705FF-52FF-4AC2-8FDB-E5E164589901}.AppStore|iPhoneSimulator.Build.0 = Debug|Any CPU
		{6FB705FF-52FF-4AC2-8FDB-E5E164589901}.AppStore|x64.ActiveCfg = Debug|Any CPU
		{6FB705FF-52FF-4AC2-8FDB-E5E164589901}.AppStore|x64.Build.0 = Debug|Any CPU
		{6FB705FF-52FF-4AC2-8FDB-E5E164589901}.AppStore|x86.ActiveCfg = Debug|Any CPU
		{6FB705FF-52FF-4AC2-8FDB-E5E164589901}.AppStore|x86.Build.0 = Debug|Any CPU
		{6FB705FF-52FF-4AC2-8FDB-E5E164589901}.Debug|Any CPU.ActiveCfg = Debug|Any CPU
		{6FB705FF-52FF-4AC2-8FDB-E5E164589901}.Debug|Any CPU.Build.0 = Debug|Any CPU
		{6FB705FF-52FF-4AC2-8FDB-E5E164589901}.Debug|ARM.ActiveCfg = Debug|Any CPU
		{6FB705FF-52FF-4AC2-8FDB-E5E164589901}.Debug|ARM.Build.0 = Debug|Any CPU
		{6FB705FF-52FF-4AC2-8FDB-E5E164589901}.Debug|ARM64.ActiveCfg = Debug|Any CPU
		{6FB705FF-52FF-4AC2-8FDB-E5E164589901}.Debug|ARM64.Build.0 = Debug|Any CPU
		{6FB705FF-52FF-4AC2-8FDB-E5E164589901}.Debug|iPhone.ActiveCfg = Debug|Any CPU
		{6FB705FF-52FF-4AC2-8FDB-E5E164589901}.Debug|iPhone.Build.0 = Debug|Any CPU
		{6FB705FF-52FF-4AC2-8FDB-E5E164589901}.Debug|iPhoneSimulator.ActiveCfg = Debug|Any CPU
		{6FB705FF-52FF-4AC2-8FDB-E5E164589901}.Debug|iPhoneSimulator.Build.0 = Debug|Any CPU
		{6FB705FF-52FF-4AC2-8FDB-E5E164589901}.Debug|x64.ActiveCfg = Debug|Any CPU
		{6FB705FF-52FF-4AC2-8FDB-E5E164589901}.Debug|x64.Build.0 = Debug|Any CPU
		{6FB705FF-52FF-4AC2-8FDB-E5E164589901}.Debug|x86.ActiveCfg = Debug|Any CPU
		{6FB705FF-52FF-4AC2-8FDB-E5E164589901}.Debug|x86.Build.0 = Debug|Any CPU
		{6FB705FF-52FF-4AC2-8FDB-E5E164589901}.Release|Any CPU.ActiveCfg = Release|Any CPU
		{6FB705FF-52FF-4AC2-8FDB-E5E164589901}.Release|Any CPU.Build.0 = Release|Any CPU
		{6FB705FF-52FF-4AC2-8FDB-E5E164589901}.Release|ARM.ActiveCfg = Release|Any CPU
		{6FB705FF-52FF-4AC2-8FDB-E5E164589901}.Release|ARM.Build.0 = Release|Any CPU
		{6FB705FF-52FF-4AC2-8FDB-E5E164589901}.Release|ARM64.ActiveCfg = Release|Any CPU
		{6FB705FF-52FF-4AC2-8FDB-E5E164589901}.Release|ARM64.Build.0 = Release|Any CPU
		{6FB705FF-52FF-4AC2-8FDB-E5E164589901}.Release|iPhone.ActiveCfg = Release|Any CPU
		{6FB705FF-52FF-4AC2-8FDB-E5E164589901}.Release|iPhone.Build.0 = Release|Any CPU
		{6FB705FF-52FF-4AC2-8FDB-E5E164589901}.Release|iPhoneSimulator.ActiveCfg = Release|Any CPU
		{6FB705FF-52FF-4AC2-8FDB-E5E164589901}.Release|iPhoneSimulator.Build.0 = Release|Any CPU
		{6FB705FF-52FF-4AC2-8FDB-E5E164589901}.Release|x64.ActiveCfg = Release|Any CPU
		{6FB705FF-52FF-4AC2-8FDB-E5E164589901}.Release|x64.Build.0 = Release|Any CPU
		{6FB705FF-52FF-4AC2-8FDB-E5E164589901}.Release|x86.ActiveCfg = Release|Any CPU
		{6FB705FF-52FF-4AC2-8FDB-E5E164589901}.Release|x86.Build.0 = Release|Any CPU
		{4D1DAB94-188F-45EA-8AF1-97D21F642715}.Ad-Hoc|Any CPU.ActiveCfg = Debug|Any CPU
		{4D1DAB94-188F-45EA-8AF1-97D21F642715}.Ad-Hoc|Any CPU.Build.0 = Debug|Any CPU
		{4D1DAB94-188F-45EA-8AF1-97D21F642715}.Ad-Hoc|ARM.ActiveCfg = Debug|Any CPU
		{4D1DAB94-188F-45EA-8AF1-97D21F642715}.Ad-Hoc|ARM.Build.0 = Debug|Any CPU
		{4D1DAB94-188F-45EA-8AF1-97D21F642715}.Ad-Hoc|ARM64.ActiveCfg = Debug|Any CPU
		{4D1DAB94-188F-45EA-8AF1-97D21F642715}.Ad-Hoc|ARM64.Build.0 = Debug|Any CPU
		{4D1DAB94-188F-45EA-8AF1-97D21F642715}.Ad-Hoc|iPhone.ActiveCfg = Debug|Any CPU
		{4D1DAB94-188F-45EA-8AF1-97D21F642715}.Ad-Hoc|iPhone.Build.0 = Debug|Any CPU
		{4D1DAB94-188F-45EA-8AF1-97D21F642715}.Ad-Hoc|iPhoneSimulator.ActiveCfg = Debug|Any CPU
		{4D1DAB94-188F-45EA-8AF1-97D21F642715}.Ad-Hoc|iPhoneSimulator.Build.0 = Debug|Any CPU
		{4D1DAB94-188F-45EA-8AF1-97D21F642715}.Ad-Hoc|x64.ActiveCfg = Debug|Any CPU
		{4D1DAB94-188F-45EA-8AF1-97D21F642715}.Ad-Hoc|x64.Build.0 = Debug|Any CPU
		{4D1DAB94-188F-45EA-8AF1-97D21F642715}.Ad-Hoc|x86.ActiveCfg = Debug|Any CPU
		{4D1DAB94-188F-45EA-8AF1-97D21F642715}.Ad-Hoc|x86.Build.0 = Debug|Any CPU
		{4D1DAB94-188F-45EA-8AF1-97D21F642715}.AppStore|Any CPU.ActiveCfg = Debug|Any CPU
		{4D1DAB94-188F-45EA-8AF1-97D21F642715}.AppStore|Any CPU.Build.0 = Debug|Any CPU
		{4D1DAB94-188F-45EA-8AF1-97D21F642715}.AppStore|ARM.ActiveCfg = Debug|Any CPU
		{4D1DAB94-188F-45EA-8AF1-97D21F642715}.AppStore|ARM.Build.0 = Debug|Any CPU
		{4D1DAB94-188F-45EA-8AF1-97D21F642715}.AppStore|ARM64.ActiveCfg = Debug|Any CPU
		{4D1DAB94-188F-45EA-8AF1-97D21F642715}.AppStore|ARM64.Build.0 = Debug|Any CPU
		{4D1DAB94-188F-45EA-8AF1-97D21F642715}.AppStore|iPhone.ActiveCfg = Debug|Any CPU
		{4D1DAB94-188F-45EA-8AF1-97D21F642715}.AppStore|iPhone.Build.0 = Debug|Any CPU
		{4D1DAB94-188F-45EA-8AF1-97D21F642715}.AppStore|iPhoneSimulator.ActiveCfg = Debug|Any CPU
		{4D1DAB94-188F-45EA-8AF1-97D21F642715}.AppStore|iPhoneSimulator.Build.0 = Debug|Any CPU
		{4D1DAB94-188F-45EA-8AF1-97D21F642715}.AppStore|x64.ActiveCfg = Debug|Any CPU
		{4D1DAB94-188F-45EA-8AF1-97D21F642715}.AppStore|x64.Build.0 = Debug|Any CPU
		{4D1DAB94-188F-45EA-8AF1-97D21F642715}.AppStore|x86.ActiveCfg = Debug|Any CPU
		{4D1DAB94-188F-45EA-8AF1-97D21F642715}.AppStore|x86.Build.0 = Debug|Any CPU
		{4D1DAB94-188F-45EA-8AF1-97D21F642715}.Debug|Any CPU.ActiveCfg = Debug|Any CPU
		{4D1DAB94-188F-45EA-8AF1-97D21F642715}.Debug|Any CPU.Build.0 = Debug|Any CPU
		{4D1DAB94-188F-45EA-8AF1-97D21F642715}.Debug|ARM.ActiveCfg = Debug|Any CPU
		{4D1DAB94-188F-45EA-8AF1-97D21F642715}.Debug|ARM.Build.0 = Debug|Any CPU
		{4D1DAB94-188F-45EA-8AF1-97D21F642715}.Debug|ARM64.ActiveCfg = Debug|Any CPU
		{4D1DAB94-188F-45EA-8AF1-97D21F642715}.Debug|ARM64.Build.0 = Debug|Any CPU
		{4D1DAB94-188F-45EA-8AF1-97D21F642715}.Debug|iPhone.ActiveCfg = Debug|Any CPU
		{4D1DAB94-188F-45EA-8AF1-97D21F642715}.Debug|iPhone.Build.0 = Debug|Any CPU
		{4D1DAB94-188F-45EA-8AF1-97D21F642715}.Debug|iPhoneSimulator.ActiveCfg = Debug|Any CPU
		{4D1DAB94-188F-45EA-8AF1-97D21F642715}.Debug|iPhoneSimulator.Build.0 = Debug|Any CPU
		{4D1DAB94-188F-45EA-8AF1-97D21F642715}.Debug|x64.ActiveCfg = Debug|Any CPU
		{4D1DAB94-188F-45EA-8AF1-97D21F642715}.Debug|x64.Build.0 = Debug|Any CPU
		{4D1DAB94-188F-45EA-8AF1-97D21F642715}.Debug|x86.ActiveCfg = Debug|Any CPU
		{4D1DAB94-188F-45EA-8AF1-97D21F642715}.Debug|x86.Build.0 = Debug|Any CPU
		{4D1DAB94-188F-45EA-8AF1-97D21F642715}.Release|Any CPU.ActiveCfg = Release|Any CPU
		{4D1DAB94-188F-45EA-8AF1-97D21F642715}.Release|Any CPU.Build.0 = Release|Any CPU
		{4D1DAB94-188F-45EA-8AF1-97D21F642715}.Release|ARM.ActiveCfg = Release|Any CPU
		{4D1DAB94-188F-45EA-8AF1-97D21F642715}.Release|ARM.Build.0 = Release|Any CPU
		{4D1DAB94-188F-45EA-8AF1-97D21F642715}.Release|ARM64.ActiveCfg = Release|Any CPU
		{4D1DAB94-188F-45EA-8AF1-97D21F642715}.Release|ARM64.Build.0 = Release|Any CPU
		{4D1DAB94-188F-45EA-8AF1-97D21F642715}.Release|iPhone.ActiveCfg = Release|Any CPU
		{4D1DAB94-188F-45EA-8AF1-97D21F642715}.Release|iPhone.Build.0 = Release|Any CPU
		{4D1DAB94-188F-45EA-8AF1-97D21F642715}.Release|iPhoneSimulator.ActiveCfg = Release|Any CPU
		{4D1DAB94-188F-45EA-8AF1-97D21F642715}.Release|iPhoneSimulator.Build.0 = Release|Any CPU
		{4D1DAB94-188F-45EA-8AF1-97D21F642715}.Release|x64.ActiveCfg = Release|Any CPU
		{4D1DAB94-188F-45EA-8AF1-97D21F642715}.Release|x64.Build.0 = Release|Any CPU
		{4D1DAB94-188F-45EA-8AF1-97D21F642715}.Release|x86.ActiveCfg = Release|Any CPU
		{4D1DAB94-188F-45EA-8AF1-97D21F642715}.Release|x86.Build.0 = Release|Any CPU
	EndGlobalSection
	GlobalSection(SolutionProperties) = preSolution
		HideSolutionNode = FALSE
	EndGlobalSection
	GlobalSection(NestedProjects) = preSolution
		{11AF58AC-4115-4E09-8D74-773F9363046E} = {7E775A14-85A2-45B5-8F43-78DEE814E8CF}
		{1E4571C2-73DD-473F-AAF6-75175FA3D774} = {7E775A14-85A2-45B5-8F43-78DEE814E8CF}
		{993CCD68-C154-480C-A6EF-565D48731C67} = {7E775A14-85A2-45B5-8F43-78DEE814E8CF}
		{D8CD2BA5-06F0-46F5-AF40-D82A4B6F7DC7} = {7E775A14-85A2-45B5-8F43-78DEE814E8CF}
		{2ED68A57-BC55-471A-9061-F93B4E1923C5} = {7E775A14-85A2-45B5-8F43-78DEE814E8CF}
		{AC7278B9-F0D1-47CB-940B-0F856BF67098} = {7E775A14-85A2-45B5-8F43-78DEE814E8CF}
		{024DA5C3-E5C3-40DE-99BC-138ABA2C73F7} = {7E775A14-85A2-45B5-8F43-78DEE814E8CF}
		{6FB705FF-52FF-4AC2-8FDB-E5E164589901} = {7E775A14-85A2-45B5-8F43-78DEE814E8CF}
		{4D1DAB94-188F-45EA-8AF1-97D21F642715} = {7E775A14-85A2-45B5-8F43-78DEE814E8CF}
	EndGlobalSection
	GlobalSection(ExtensibilityGlobals) = postSolution
		SolutionGuid = {81742E48-95BD-4D2F-8F65-9FA1AA4C208E}
	EndGlobalSection
EndGlobal
